{
  "name": "@zikojs/react",
  "version": "0.0.0",
  "lockfileVersion": 3,
  "requires": true,
  "packages": {
    "": {
      "name": "@zikojs/react",
      "version": "0.0.0",
      "license": "MIT",
      "dependencies": {
        "ziko": "^1.8.0"
      }
    },
    "node_modules/ziko": {
      "version": "1.8.0",
      "resolved": "https://registry.npmjs.org/ziko/-/ziko-1.8.0.tgz",
      "integrity": "sha512-5CMCc3SDbxRW4wBhNeU0R5K6yf0HGuVc1RCKPXQqFDkqXgHCzdUBpq6pp9CfmX0gBdswByEgvimdvV3236/qxg==",
      "license": "MIT",
      "bin": {
        "create-ziko-app": "starter/bin/index.js"
      }
    }
  }
}
